
Microsoft Visual Studio Solution File, Format Version 12.00
# Visual Studio Version 16
VisualStudioVersion = 16.0.30223.230
MinimumVisualStudioVersion = 10.0.40219.1
Project("{FAE04EC0-301F-11D3-BF4B-00C04F79EFBC}") = "smtpClientSendApp", "smtpClientSendApp\smtpClientSendApp.csproj", "{60EBEA0C-3A71-410D-909F-B0D6A72B1A5A}"
EndProject
Global
	GlobalSection(SolutionConfigurationPlatforms) = preSolution
		Debug|Any CPU = Debug|Any CPU
		Release|Any CPU = Release|Any CPU
	EndGlobalSection
	GlobalSection(ProjectConfigurationPlatforms) = postSolution
		{60EBEA0C-3A71-410D-909F-B0D6A72B1A5A}.Debug|Any CPU.ActiveCfg = Debug|Any CPU
		{60EBEA0C-3A71-410D-909F-B0D6A72B1A5A}.Debug|Any CPU.Build.0 = Debug|Any CPU
		{60EBEA0C-3A71-410D-909F-B0D6A72B1A5A}.Release|Any CPU.ActiveCfg = Release|Any CPU
		{60EBEA0C-3A71-410D-909F-B0D6A72B1A5A}.Release|Any CPU.Build.0 = Release|Any CPU
	EndGlobalSection
	GlobalSection(SolutionProperties) = preSolution
		HideSolutionNode = FALSE
	EndGlobalSection
	GlobalSection(ExtensibilityGlobals) = postSolution
		SolutionGuid = {6C9D71E0-9A14-462D-9ED6-86286FEF3318}
	EndGlobalSection
EndGlobal
